# This file is automatically @generated by Cargo.
# It is not intended for manual editing.
version = 4

[[package]]
name = "rust_lab"
version = "0.1.0"

[[package]]
name = "topic-01"
version = "0.1.0"

[[package]]
name = "topic-01-basics-of-smart-pointers"
version = "0.1.0"

[[package]]
name = "topic-01-basics-of-strings"
version = "0.1.0"

[[package]]
name = "topic-01-creating-a-thread"
version = "0.1.0"

[[package]]
name = "topic-01-enum-basics"
version = "0.1.0"

[[package]]
name = "topic-01-higher-order-functions"
version = "0.1.0"

[[package]]
name = "topic-01-if-statement"
version = "0.1.0"

[[package]]
name = "topic-01-rust-does-not-support-function-overloading"
version = "0.1.0"

[[package]]
name = "topic-01-scalar-data-types"
version = "0.1.0"

[[package]]
name = "topic-01-struct-basics"
version = "0.1.0"

[[package]]
name = "topic-01-system-environment-variables"
version = "0.1.0"

[[package]]
name = "topic-01-the-dot-iter-method"
version = "0.1.0"

[[package]]
name = "topic-01-vector-basics"
version = "0.1.0"

[[package]]
name = "topic-02-deterministic-destruction"
version = "0.1.0"

[[package]]
name = "topic-02-if-else-statement"
version = "0.1.0"

[[package]]
name = "topic-02-named-closures"
version = "0.1.0"

[[package]]
name = "topic-02-putting-a-thread-to-sleep"
version = "0.1.0"

[[package]]
name = "topic-02-the-dot-next-method"
version = "0.1.0"

[[package]]
name = "topic-02-the-new-method"
version = "0.1.0"

[[package]]
name = "topic-03-annoymous-closures"
version = "0.1.0"

[[package]]
name = "topic-03-if-else-if-else-statement"
version = "0.1.0"

[[package]]
name = "topic-03-the-dot-any-method"
version = "0.1.0"

[[package]]
name = "topic-03-tuple-structs"
version = "0.1.0"
